
Microsoft Visual Studio Solution File, Format Version 12.00
# Visual Studio Version 17
VisualStudioVersion = 17.5.002.0
MinimumVisualStudioVersion = 10.0.40219.1
Project("{9A19103F-16F7-4668-BE54-9A1E7A4F7556}") = "understanding-a-basic-c-program-Joshua-Fish-Student", "understanding-a-basic-c-program-Joshua-Fish-Student.csproj", "{A056FC13-F5B0-4D00-8315-0A160E6E553C}"
EndProject
Global
	GlobalSection(SolutionConfigurationPlatforms) = preSolution
		Debug|Any CPU = Debug|Any CPU
		Release|Any CPU = Release|Any CPU
	EndGlobalSection
	GlobalSection(ProjectConfigurationPlatforms) = postSolution
		{A056FC13-F5B0-4D00-8315-0A160E6E553C}.Debug|Any CPU.ActiveCfg = Debug|Any CPU
		{A056FC13-F5B0-4D00-8315-0A160E6E553C}.Debug|Any CPU.Build.0 = Debug|Any CPU
		{A056FC13-F5B0-4D00-8315-0A160E6E553C}.Release|Any CPU.ActiveCfg = Release|Any CPU
		{A056FC13-F5B0-4D00-8315-0A160E6E553C}.Release|Any CPU.Build.0 = Release|Any CPU
	EndGlobalSection
	GlobalSection(SolutionProperties) = preSolution
		HideSolutionNode = FALSE
	EndGlobalSection
	GlobalSection(ExtensibilityGlobals) = postSolution
		SolutionGuid = {800804EA-F2E6-4071-BF7D-79929440ADAD}
	EndGlobalSection
EndGlobal
